
Microsoft Visual Studio Solution File, Format Version 12.00
# Visual Studio Version 16
VisualStudioVersion = 16.0.30225.117
MinimumVisualStudioVersion = 10.0.40219.1
Project("{9A19103F-16F7-4668-BE54-9A1E7A4F7556}") = "gaana", "gaana.csproj", "{2AB4AF29-9975-4AA4-AA88-974BC70C95E5}"
EndProject
Global
	GlobalSection(SolutionConfigurationPlatforms) = preSolution
		Debug|Any CPU = Debug|Any CPU
		Release|Any CPU = Release|Any CPU
	EndGlobalSection
	GlobalSection(ProjectConfigurationPlatforms) = postSolution
		{2AB4AF29-9975-4AA4-AA88-974BC70C95E5}.Debug|Any CPU.ActiveCfg = Debug|Any CPU
		{2AB4AF29-9975-4AA4-AA88-974BC70C95E5}.Debug|Any CPU.Build.0 = Debug|Any CPU
		{2AB4AF29-9975-4AA4-AA88-974BC70C95E5}.Release|Any CPU.ActiveCfg = Release|Any CPU
		{2AB4AF29-9975-4AA4-AA88-974BC70C95E5}.Release|Any CPU.Build.0 = Release|Any CPU
	EndGlobalSection
	GlobalSection(SolutionProperties) = preSolution
		HideSolutionNode = FALSE
	EndGlobalSection
	GlobalSection(ExtensibilityGlobals) = postSolution
		SolutionGuid = {16C379B6-AC58-4610-88DF-4980739F80B0}
	EndGlobalSection
EndGlobal
